{
  "version": 4,
  "terraform_version": "1.8.1",
  "serial": 66,
  "lineage": "2d0eb538-a935-e7dc-0a47-c93da0bf66e1",
  "outputs": {
    "east_stage_arn": {
      "value": "arn:aws:apigateway:us-east-1::/restapis/g0ti81axa2/stages/dev",
      "type": "string"
    },
    "lambda_east_arn": {
      "value": "arn:aws:lambda:us-east-1:344958737347:function:crudLambda-east",
      "type": "string"
    },
    "lambda_west_arn": {
      "value": "arn:aws:lambda:us-west-2:344958737347:function:crudLambda-west",
      "type": "string"
    },
    "west_stage_arn": {
      "value": "arn:aws:apigateway:us-west-2::/restapis/ca38ecpaa7/stages/dev",
      "type": "string"
    }
  },
  "resources": [
    {
      "mode": "managed",
      "type": "aws_dynamodb_table",
      "name": "crud_table",
      "provider": "provider[\"registry.terraform.io/hashicorp/aws\"]",
      "instances": [
        {
          "schema_version": 1,
          "attributes": {
            "arn": "arn:aws:dynamodb:us-east-1:344958737347:table/demo_table",
            "attribute": [
              {
                "name": "id",
                "type": "S"
              }
            ],
            "billing_mode": "PROVISIONED",
            "deletion_protection_enabled": false,
            "global_secondary_index": [],
            "hash_key": "id",
            "id": "demo_table",
            "import_table": [],
            "local_secondary_index": [],
            "name": "demo_table",
            "on_demand_throughput": [],
            "point_in_time_recovery": [
              {
                "enabled": false,
                "recovery_period_in_days": 0
              }
            ],
            "range_key": null,
            "read_capacity": 1,
            "replica": [],
            "restore_date_time": null,
            "restore_source_name": null,
            "restore_source_table_arn": null,
            "restore_to_latest_time": null,
            "server_side_encryption": [],
            "stream_arn": "",
            "stream_enabled": false,
            "stream_label": "",
            "stream_view_type": "",
            "table_class": "STANDARD",
            "tags": {
              "Environment": "dev",
              "Project": "lambda-crud"
            },
            "tags_all": {
              "Environment": "dev",
              "Project": "lambda-crud"
            },
            "timeouts": null,
            "ttl": [
              {
                "attribute_name": "",
                "enabled": false
              }
            ],
            "write_capacity": 1
          },
          "sensitive_attributes": [],
          "private": "eyJlMmJmYjczMC1lY2FhLTExZTYtOGY4OC0zNDM2M2JjN2M0YzAiOnsiY3JlYXRlIjoxODAwMDAwMDAwMDAwLCJkZWxldGUiOjYwMDAwMDAwMDAwMCwidXBkYXRlIjozNjAwMDAwMDAwMDAwfSwic2NoZW1hX3ZlcnNpb24iOiIxIn0="
        }
      ]
    },
    {
      "mode": "managed",
      "type": "aws_dynamodb_table",
      "name": "crud_table_west",
      "provider": "provider[\"registry.terraform.io/hashicorp/aws\"].west",
      "instances": [
        {
          "schema_version": 1,
          "attributes": {
            "arn": "arn:aws:dynamodb:us-west-2:344958737347:table/demo_table",
            "attribute": [
              {
                "name": "id",
                "type": "S"
              }
            ],
            "billing_mode": "PROVISIONED",
            "deletion_protection_enabled": false,
            "global_secondary_index": [],
            "hash_key": "id",
            "id": "demo_table",
            "import_table": [],
            "local_secondary_index": [],
            "name": "demo_table",
            "on_demand_throughput": [],
            "point_in_time_recovery": [
              {
                "enabled": false,
                "recovery_period_in_days": 0
              }
            ],
            "range_key": null,
            "read_capacity": 1,
            "replica": [],
            "restore_date_time": null,
            "restore_source_name": null,
            "restore_source_table_arn": null,
            "restore_to_latest_time": null,
            "server_side_encryption": [],
            "stream_arn": "",
            "stream_enabled": false,
            "stream_label": "",
            "stream_view_type": "",
            "table_class": "STANDARD",
            "tags": {
              "Environment": "dev",
              "Project": "lambda-crud"
            },
            "tags_all": {
              "Environment": "dev",
              "Project": "lambda-crud"
            },
            "timeouts": null,
            "ttl": [
              {
                "attribute_name": "",
                "enabled": false
              }
            ],
            "write_capacity": 1
          },
          "sensitive_attributes": [],
          "private": "eyJlMmJmYjczMC1lY2FhLTExZTYtOGY4OC0zNDM2M2JjN2M0YzAiOnsiY3JlYXRlIjoxODAwMDAwMDAwMDAwLCJkZWxldGUiOjYwMDAwMDAwMDAwMCwidXBkYXRlIjozNjAwMDAwMDAwMDAwfSwic2NoZW1hX3ZlcnNpb24iOiIxIn0="
        }
      ]
    },
    {
      "module": "module.east",
      "mode": "managed",
      "type": "aws_api_gateway_deployment",
      "name": "demo_deployment",
      "provider": "provider[\"registry.terraform.io/hashicorp/aws\"].east",
      "instances": [
        {
          "schema_version": 0,
          "attributes": {
            "canary_settings": [],
            "created_date": "2025-05-25T09:37:26Z",
            "description": "",
            "execution_arn": "arn:aws:execute-api:us-east-1:344958737347:g0ti81axa2/",
            "id": "p7kkf2",
            "invoke_url": "https://g0ti81axa2.execute-api.us-east-1.amazonaws.com/",
            "rest_api_id": "g0ti81axa2",
            "stage_description": null,
            "stage_name": null,
            "triggers": null,
            "variables": null
          },
          "sensitive_attributes": [],
          "private": "bnVsbA==",
          "dependencies": [
            "module.east.aws_api_gateway_integration.lambda_integration_create",
            "module.east.aws_api_gateway_integration.lambda_integration_fetch",
            "module.east.aws_api_gateway_method.create_event",
            "module.east.aws_api_gateway_method.fetch_event",
            "module.east.aws_api_gateway_resource.claims",
            "module.east.aws_api_gateway_resource.create",
            "module.east.aws_api_gateway_resource.fetch",
            "module.east.aws_api_gateway_resource.v1",
            "module.east.aws_api_gateway_rest_api.demo_api",
            "module.east.aws_iam_role.lambda_exec_role",
            "module.east.aws_lambda_function.lambda",
            "module.lambda_archive.data.archive_file.zip_lambda_code"
          ]
        }
      ]
    },
    {
      "module": "module.east",
      "mode": "managed",
      "type": "aws_api_gateway_integration",
      "name": "lambda_integration_create",
      "provider": "provider[\"registry.terraform.io/hashicorp/aws\"].east",
      "instances": [
        {
          "schema_version": 0,
          "attributes": {
            "cache_key_parameters": [],
            "cache_namespace": "c1xch8",
            "connection_id": "",
            "connection_type": "INTERNET",
            "content_handling": "",
            "credentials": "",
            "http_method": "POST",
            "id": "agi-g0ti81axa2-c1xch8-POST",
            "integration_http_method": "POST",
            "passthrough_behavior": "WHEN_NO_MATCH",
            "request_parameters": {},
            "request_templates": {},
            "resource_id": "c1xch8",
            "rest_api_id": "g0ti81axa2",
            "timeout_milliseconds": 29000,
            "tls_config": [],
            "type": "AWS_PROXY",
            "uri": "arn:aws:apigateway:us-east-1:lambda:path/2015-03-31/functions/arn:aws:lambda:us-east-1:344958737347:function:crudLambda-east/invocations"
          },
          "sensitive_attributes": [],
          "private": "bnVsbA==",
          "dependencies": [
            "module.east.aws_api_gateway_method.create_event",
            "module.east.aws_api_gateway_resource.claims",
            "module.east.aws_api_gateway_resource.create",
            "module.east.aws_api_gateway_resource.v1",
            "module.east.aws_api_gateway_rest_api.demo_api",
            "module.east.aws_iam_role.lambda_exec_role",
            "module.east.aws_lambda_function.lambda",
            "module.lambda_archive.data.archive_file.zip_lambda_code"
          ]
        }
      ]
    },
    {
      "module": "module.east",
      "mode": "managed",
      "type": "aws_api_gateway_integration",
      "name": "lambda_integration_fetch",
      "provider": "provider[\"registry.terraform.io/hashicorp/aws\"].east",
      "instances": [
        {
          "schema_version": 0,
          "attributes": {
            "cache_key_parameters": null,
            "cache_namespace": "orhwqr",
            "connection_id": "",
            "connection_type": "INTERNET",
            "content_handling": "",
            "credentials": "",
            "http_method": "POST",
            "id": "agi-g0ti81axa2-orhwqr-POST",
            "integration_http_method": "POST",
            "passthrough_behavior": "WHEN_NO_MATCH",
            "request_parameters": null,
            "request_templates": null,
            "resource_id": "orhwqr",
            "rest_api_id": "g0ti81axa2",
            "timeout_milliseconds": 29000,
            "tls_config": [],
            "type": "AWS_PROXY",
            "uri": "arn:aws:apigateway:us-east-1:lambda:path/2015-03-31/functions/arn:aws:lambda:us-east-1:344958737347:function:crudLambda-east/invocations"
          },
          "sensitive_attributes": [],
          "private": "bnVsbA==",
          "dependencies": [
            "module.east.aws_api_gateway_method.fetch_event",
            "module.east.aws_api_gateway_resource.claims",
            "module.east.aws_api_gateway_resource.fetch",
            "module.east.aws_api_gateway_resource.v1",
            "module.east.aws_api_gateway_rest_api.demo_api",
            "module.east.aws_iam_role.lambda_exec_role",
            "module.east.aws_lambda_function.lambda",
            "module.lambda_archive.data.archive_file.zip_lambda_code"
          ]
        }
      ]
    },
    {
      "module": "module.east",
      "mode": "managed",
      "type": "aws_api_gateway_method",
      "name": "create_event",
      "provider": "provider[\"registry.terraform.io/hashicorp/aws\"].east",
      "instances": [
        {
          "schema_version": 0,
          "attributes": {
            "api_key_required": false,
            "authorization": "NONE",
            "authorization_scopes": [],
            "authorizer_id": "",
            "http_method": "POST",
            "id": "agm-g0ti81axa2-c1xch8-POST",
            "operation_name": "",
            "request_models": {},
            "request_parameters": {},
            "request_validator_id": "",
            "resource_id": "c1xch8",
            "rest_api_id": "g0ti81axa2"
          },
          "sensitive_attributes": [],
          "private": "bnVsbA==",
          "dependencies": [
            "module.east.aws_api_gateway_resource.claims",
            "module.east.aws_api_gateway_resource.create",
            "module.east.aws_api_gateway_resource.v1",
            "module.east.aws_api_gateway_rest_api.demo_api"
          ]
        }
      ]
    },
    {
      "module": "module.east",
      "mode": "managed",
      "type": "aws_api_gateway_method",
      "name": "fetch_event",
      "provider": "provider[\"registry.terraform.io/hashicorp/aws\"].east",
      "instances": [
        {
          "schema_version": 0,
          "attributes": {
            "api_key_required": false,
            "authorization": "NONE",
            "authorization_scopes": null,
            "authorizer_id": null,
            "http_method": "POST",
            "id": "agm-g0ti81axa2-orhwqr-POST",
            "operation_name": null,
            "request_models": null,
            "request_parameters": null,
            "request_validator_id": null,
            "resource_id": "orhwqr",
            "rest_api_id": "g0ti81axa2"
          },
          "sensitive_attributes": [],
          "private": "bnVsbA==",
          "dependencies": [
            "module.east.aws_api_gateway_resource.claims",
            "module.east.aws_api_gateway_resource.fetch",
            "module.east.aws_api_gateway_resource.v1",
            "module.east.aws_api_gateway_rest_api.demo_api"
          ]
        }
      ]
    },
    {
      "module": "module.east",
      "mode": "managed",
      "type": "aws_api_gateway_resource",
      "name": "claims",
      "provider": "provider[\"registry.terraform.io/hashicorp/aws\"].east",
      "instances": [
        {
          "schema_version": 0,
          "attributes": {
            "id": "ydep43",
            "parent_id": "7rew5nr87f",
            "path": "/claims",
            "path_part": "claims",
            "rest_api_id": "g0ti81axa2"
          },
          "sensitive_attributes": [],
          "private": "bnVsbA==",
          "dependencies": [
            "module.east.aws_api_gateway_rest_api.demo_api"
          ]
        }
      ]
    },
    {
      "module": "module.east",
      "mode": "managed",
      "type": "aws_api_gateway_resource",
      "name": "create",
      "provider": "provider[\"registry.terraform.io/hashicorp/aws\"].east",
      "instances": [
        {
          "schema_version": 0,
          "attributes": {
            "id": "c1xch8",
            "parent_id": "yvj846",
            "path": "/claims/v1/create",
            "path_part": "create",
            "rest_api_id": "g0ti81axa2"
          },
          "sensitive_attributes": [],
          "private": "bnVsbA==",
          "dependencies": [
            "module.east.aws_api_gateway_resource.claims",
            "module.east.aws_api_gateway_resource.v1",
            "module.east.aws_api_gateway_rest_api.demo_api"
          ]
        }
      ]
    },
    {
      "module": "module.east",
      "mode": "managed",
      "type": "aws_api_gateway_resource",
      "name": "fetch",
      "provider": "provider[\"registry.terraform.io/hashicorp/aws\"].east",
      "instances": [
        {
          "schema_version": 0,
          "attributes": {
            "id": "orhwqr",
            "parent_id": "yvj846",
            "path": "/claims/v1/fetch",
            "path_part": "fetch",
            "rest_api_id": "g0ti81axa2"
          },
          "sensitive_attributes": [],
          "private": "bnVsbA==",
          "dependencies": [
            "module.east.aws_api_gateway_resource.claims",
            "module.east.aws_api_gateway_resource.v1",
            "module.east.aws_api_gateway_rest_api.demo_api"
          ]
        }
      ]
    },
    {
      "module": "module.east",
      "mode": "managed",
      "type": "aws_api_gateway_resource",
      "name": "v1",
      "provider": "provider[\"registry.terraform.io/hashicorp/aws\"].east",
      "instances": [
        {
          "schema_version": 0,
          "attributes": {
            "id": "yvj846",
            "parent_id": "ydep43",
            "path": "/claims/v1",
            "path_part": "v1",
            "rest_api_id": "g0ti81axa2"
          },
          "sensitive_attributes": [],
          "private": "bnVsbA==",
          "dependencies": [
            "module.east.aws_api_gateway_resource.claims",
            "module.east.aws_api_gateway_rest_api.demo_api"
          ]
        }
      ]
    },
    {
      "module": "module.east",
      "mode": "managed",
      "type": "aws_api_gateway_rest_api",
      "name": "demo_api",
      "provider": "provider[\"registry.terraform.io/hashicorp/aws\"].east",
      "instances": [
        {
          "schema_version": 0,
          "attributes": {
            "api_key_source": "HEADER",
            "arn": "arn:aws:apigateway:us-east-1::/restapis/g0ti81axa2",
            "binary_media_types": [],
            "body": null,
            "created_date": "2025-05-25T07:18:15Z",
            "description": "Example REST API",
            "disable_execute_api_endpoint": false,
            "endpoint_configuration": [
              {
                "ip_address_type": "ipv4",
                "types": [
                  "REGIONAL"
                ],
                "vpc_endpoint_ids": []
              }
            ],
            "execution_arn": "arn:aws:execute-api:us-east-1:344958737347:g0ti81axa2",
            "fail_on_warnings": null,
            "id": "g0ti81axa2",
            "minimum_compression_size": "",
            "name": "First api demo",
            "parameters": null,
            "policy": "",
            "put_rest_api_mode": null,
            "root_resource_id": "7rew5nr87f",
            "tags": {},
            "tags_all": {}
          },
          "sensitive_attributes": [],
          "private": "bnVsbA=="
        }
      ]
    },
    {
      "module": "module.east",
      "mode": "managed",
      "type": "aws_api_gateway_stage",
      "name": "demo_stage",
      "provider": "provider[\"registry.terraform.io/hashicorp/aws\"].east",
      "instances": [
        {
          "schema_version": 0,
          "attributes": {
            "access_log_settings": [],
            "arn": "arn:aws:apigateway:us-east-1::/restapis/g0ti81axa2/stages/dev",
            "cache_cluster_enabled": false,
            "cache_cluster_size": "",
            "canary_settings": [],
            "client_certificate_id": "",
            "deployment_id": "p7kkf2",
            "description": "",
            "documentation_version": "",
            "execution_arn": "arn:aws:execute-api:us-east-1:344958737347:g0ti81axa2/dev",
            "id": "ags-g0ti81axa2-dev",
            "invoke_url": "https://g0ti81axa2.execute-api.us-east-1.amazonaws.com/dev",
            "rest_api_id": "g0ti81axa2",
            "stage_name": "dev",
            "tags": {},
            "tags_all": {},
            "variables": {},
            "web_acl_arn": "",
            "xray_tracing_enabled": false
          },
          "sensitive_attributes": [],
          "private": "bnVsbA==",
          "dependencies": [
            "module.east.aws_api_gateway_deployment.demo_deployment",
            "module.east.aws_api_gateway_integration.lambda_integration_create",
            "module.east.aws_api_gateway_integration.lambda_integration_fetch",
            "module.east.aws_api_gateway_method.create_event",
            "module.east.aws_api_gateway_method.fetch_event",
            "module.east.aws_api_gateway_resource.claims",
            "module.east.aws_api_gateway_resource.create",
            "module.east.aws_api_gateway_resource.fetch",
            "module.east.aws_api_gateway_resource.v1",
            "module.east.aws_api_gateway_rest_api.demo_api",
            "module.east.aws_iam_role.lambda_exec_role",
            "module.east.aws_lambda_function.lambda",
            "module.lambda_archive.data.archive_file.zip_lambda_code"
          ]
        }
      ]
    },
    {
      "module": "module.east",
      "mode": "managed",
      "type": "aws_iam_role",
      "name": "lambda_exec_role",
      "provider": "provider[\"registry.terraform.io/hashicorp/aws\"].east",
      "instances": [
        {
          "schema_version": 0,
          "attributes": {
            "arn": "arn:aws:iam::344958737347:role/crudLambda-east_role",
            "assume_role_policy": "{\"Statement\":[{\"Action\":\"sts:AssumeRole\",\"Effect\":\"Allow\",\"Principal\":{\"Service\":\"lambda.amazonaws.com\"}}],\"Version\":\"2012-10-17\"}",
            "create_date": "2025-05-24T15:23:27Z",
            "description": "",
            "force_detach_policies": false,
            "id": "crudLambda-east_role",
            "inline_policy": [
              {
                "name": "crudLambda-east_dynamodb_policy",
                "policy": "{\"Version\":\"2012-10-17\",\"Statement\":[{\"Action\":[\"dynamodb:GetItem\",\"dynamodb:PutItem\",\"dynamodb:DeleteItem\",\"dynamodb:Scan\",\"dynamodb:UpdateItem\"],\"Effect\":\"Allow\",\"Resource\":\"arn:aws:dynamodb:us-east-1:*:table/demo_table\"}]}"
              }
            ],
            "managed_policy_arns": [],
            "max_session_duration": 3600,
            "name": "crudLambda-east_role",
            "name_prefix": "",
            "path": "/",
            "permissions_boundary": "",
            "tags": {},
            "tags_all": {},
            "unique_id": "AROAVAUJETPBYP64CPUO7"
          },
          "sensitive_attributes": [],
          "private": "bnVsbA=="
        }
      ]
    },
    {
      "module": "module.east",
      "mode": "managed",
      "type": "aws_iam_role_policy",
      "name": "dynamodb_access",
      "provider": "provider[\"registry.terraform.io/hashicorp/aws\"].east",
      "instances": [
        {
          "schema_version": 0,
          "attributes": {
            "id": "crudLambda-east_role:crudLambda-east_dynamodb_policy",
            "name": "crudLambda-east_dynamodb_policy",
            "name_prefix": "",
            "policy": "{\"Version\":\"2012-10-17\",\"Statement\":[{\"Action\":[\"dynamodb:GetItem\",\"dynamodb:PutItem\",\"dynamodb:DeleteItem\",\"dynamodb:Scan\",\"dynamodb:UpdateItem\"],\"Effect\":\"Allow\",\"Resource\":\"arn:aws:dynamodb:us-east-1:*:table/demo_table\"}]}",
            "role": "crudLambda-east_role"
          },
          "sensitive_attributes": [],
          "private": "bnVsbA==",
          "dependencies": [
            "module.east.aws_iam_role.lambda_exec_role"
          ]
        }
      ]
    },
    {
      "module": "module.east",
      "mode": "managed",
      "type": "aws_lambda_function",
      "name": "lambda",
      "provider": "provider[\"registry.terraform.io/hashicorp/aws\"].east",
      "instances": [
        {
          "schema_version": 0,
          "attributes": {
            "architectures": [
              "x86_64"
            ],
            "arn": "arn:aws:lambda:us-east-1:344958737347:function:crudLambda-east",
            "code_sha256": "7mzlmdPuq1K+Ff8Kft4qmYA15UPrRJkS7v5FplJgHJ4=",
            "code_signing_config_arn": "",
            "dead_letter_config": [],
            "description": "",
            "environment": [],
            "ephemeral_storage": [
              {
                "size": 512
              }
            ],
            "file_system_config": [],
            "filename": "./controller/zip_lambda_code.zip",
            "function_name": "crudLambda-east",
            "handler": "crud_lambda.lambda_handler",
            "id": "crudLambda-east",
            "image_config": [],
            "image_uri": "",
            "invoke_arn": "arn:aws:apigateway:us-east-1:lambda:path/2015-03-31/functions/arn:aws:lambda:us-east-1:344958737347:function:crudLambda-east/invocations",
            "kms_key_arn": "",
            "last_modified": "2025-05-24T15:23:38.164+0000",
            "layers": [],
            "logging_config": [
              {
                "application_log_level": "",
                "log_format": "Text",
                "log_group": "/aws/lambda/crudLambda-east",
                "system_log_level": ""
              }
            ],
            "memory_size": 128,
            "package_type": "Zip",
            "publish": false,
            "qualified_arn": "arn:aws:lambda:us-east-1:344958737347:function:crudLambda-east:$LATEST",
            "qualified_invoke_arn": "arn:aws:apigateway:us-east-1:lambda:path/2015-03-31/functions/arn:aws:lambda:us-east-1:344958737347:function:crudLambda-east:$LATEST/invocations",
            "replace_security_groups_on_destroy": null,
            "replacement_security_group_ids": null,
            "reserved_concurrent_executions": -1,
            "role": "arn:aws:iam::344958737347:role/crudLambda-east_role",
            "runtime": "python3.9",
            "s3_bucket": null,
            "s3_key": null,
            "s3_object_version": null,
            "signing_job_arn": "",
            "signing_profile_version_arn": "",
            "skip_destroy": false,
            "snap_start": [],
            "source_code_hash": "7mzlmdPuq1K+Ff8Kft4qmYA15UPrRJkS7v5FplJgHJ4=",
            "source_code_size": 777,
            "tags": {},
            "tags_all": {},
            "timeout": 3,
            "timeouts": null,
            "tracing_config": [
              {
                "mode": "PassThrough"
              }
            ],
            "version": "$LATEST",
            "vpc_config": []
          },
          "sensitive_attributes": [],
          "private": "eyJlMmJmYjczMC1lY2FhLTExZTYtOGY4OC0zNDM2M2JjN2M0YzAiOnsiY3JlYXRlIjo2MDAwMDAwMDAwMDAsImRlbGV0ZSI6NjAwMDAwMDAwMDAwLCJ1cGRhdGUiOjYwMDAwMDAwMDAwMH19",
          "dependencies": [
            "module.east.aws_iam_role.lambda_exec_role",
            "module.lambda_archive.data.archive_file.zip_lambda_code"
          ]
        }
      ]
    },
    {
      "module": "module.east",
      "mode": "managed",
      "type": "aws_lambda_permission",
      "name": "apigw_lambda",
      "provider": "provider[\"registry.terraform.io/hashicorp/aws\"].east",
      "instances": [
        {
          "schema_version": 0,
          "attributes": {
            "action": "lambda:InvokeFunction",
            "event_source_token": null,
            "function_name": "crudLambda-east",
            "function_url_auth_type": null,
            "id": "AllowAPIGatewayInvoke",
            "principal": "apigateway.amazonaws.com",
            "principal_org_id": null,
            "qualifier": "",
            "source_account": null,
            "source_arn": "arn:aws:execute-api:us-east-1:344958737347:g0ti81axa2/dev/*",
            "statement_id": "AllowAPIGatewayInvoke",
            "statement_id_prefix": ""
          },
          "sensitive_attributes": [],
          "private": "bnVsbA==",
          "dependencies": [
            "module.east.aws_api_gateway_rest_api.demo_api",
            "module.east.aws_iam_role.lambda_exec_role",
            "module.east.aws_lambda_function.lambda",
            "module.lambda_archive.data.archive_file.zip_lambda_code"
          ]
        }
      ]
    },
    {
      "module": "module.lambda_archive",
      "mode": "data",
      "type": "archive_file",
      "name": "zip_lambda_code",
      "provider": "provider[\"registry.terraform.io/hashicorp/archive\"]",
      "instances": [
        {
          "schema_version": 0,
          "attributes": {
            "exclude_symlink_directories": null,
            "excludes": null,
            "id": "f85def30c815658925125d169e5d3fb7d56554a3",
            "output_base64sha256": "7mzlmdPuq1K+Ff8Kft4qmYA15UPrRJkS7v5FplJgHJ4=",
            "output_base64sha512": "/US0MfC2d5cI0KxsDojcq22D1jspUKJbPilzGd0IbZVpd2R5nW42ktNzc9PxTHNQYBkKnOQcVDjz8pRoImge/g==",
            "output_file_mode": null,
            "output_md5": "2fd1cb58f15101850d8cbad006aa02a9",
            "output_path": "./controller/zip_lambda_code.zip",
            "output_sha": "f85def30c815658925125d169e5d3fb7d56554a3",
            "output_sha256": "ee6ce599d3eeab52be15ff0a7ede2a998035e543eb449912eefe45a652601c9e",
            "output_sha512": "fd44b431f0b6779708d0ac6c0e88dcab6d83d63b2950a25b3e297319dd086d95697764799d6e3692d37373d3f14c735060190a9ce41c5438f3f2946822681efe",
            "output_size": 777,
            "source": [],
            "source_content": null,
            "source_content_filename": null,
            "source_dir": "./controller",
            "source_file": null,
            "type": "zip"
          },
          "sensitive_attributes": []
        }
      ]
    },
    {
      "module": "module.west",
      "mode": "managed",
      "type": "aws_api_gateway_deployment",
      "name": "demo_deployment",
      "provider": "provider[\"registry.terraform.io/hashicorp/aws\"].west",
      "instances": [
        {
          "schema_version": 0,
          "attributes": {
            "canary_settings": [],
            "created_date": "2025-05-25T11:16:44Z",
            "description": "",
            "execution_arn": "arn:aws:execute-api:us-west-2:344958737347:ca38ecpaa7/",
            "id": "6aldmp",
            "invoke_url": "https://ca38ecpaa7.execute-api.us-west-2.amazonaws.com/",
            "rest_api_id": "ca38ecpaa7",
            "stage_description": null,
            "stage_name": null,
            "triggers": null,
            "variables": null
          },
          "sensitive_attributes": [],
          "private": "bnVsbA==",
          "dependencies": [
            "module.lambda_archive.data.archive_file.zip_lambda_code",
            "module.west.aws_api_gateway_integration.lambda_integration_create",
            "module.west.aws_api_gateway_integration.lambda_integration_fetch",
            "module.west.aws_api_gateway_method.create_event",
            "module.west.aws_api_gateway_method.fetch_event",
            "module.west.aws_api_gateway_resource.claims",
            "module.west.aws_api_gateway_resource.create",
            "module.west.aws_api_gateway_resource.fetch",
            "module.west.aws_api_gateway_resource.v1",
            "module.west.aws_api_gateway_rest_api.demo_api",
            "module.west.aws_iam_role.lambda_exec_role",
            "module.west.aws_lambda_function.lambda"
          ]
        }
      ]
    },
    {
      "module": "module.west",
      "mode": "managed",
      "type": "aws_api_gateway_integration",
      "name": "lambda_integration_create",
      "provider": "provider[\"registry.terraform.io/hashicorp/aws\"].west",
      "instances": [
        {
          "schema_version": 0,
          "attributes": {
            "cache_key_parameters": [],
            "cache_namespace": "scl9f5",
            "connection_id": "",
            "connection_type": "INTERNET",
            "content_handling": "",
            "credentials": "",
            "http_method": "POST",
            "id": "agi-ca38ecpaa7-scl9f5-POST",
            "integration_http_method": "POST",
            "passthrough_behavior": "WHEN_NO_MATCH",
            "request_parameters": {},
            "request_templates": {},
            "resource_id": "scl9f5",
            "rest_api_id": "ca38ecpaa7",
            "timeout_milliseconds": 29000,
            "tls_config": [],
            "type": "AWS_PROXY",
            "uri": "arn:aws:apigateway:us-west-2:lambda:path/2015-03-31/functions/arn:aws:lambda:us-west-2:344958737347:function:crudLambda-west/invocations"
          },
          "sensitive_attributes": [],
          "private": "bnVsbA==",
          "dependencies": [
            "module.lambda_archive.data.archive_file.zip_lambda_code",
            "module.west.aws_api_gateway_method.create_event",
            "module.west.aws_api_gateway_resource.claims",
            "module.west.aws_api_gateway_resource.create",
            "module.west.aws_api_gateway_resource.v1",
            "module.west.aws_api_gateway_rest_api.demo_api",
            "module.west.aws_iam_role.lambda_exec_role",
            "module.west.aws_lambda_function.lambda"
          ]
        }
      ]
    },
    {
      "module": "module.west",
      "mode": "managed",
      "type": "aws_api_gateway_integration",
      "name": "lambda_integration_fetch",
      "provider": "provider[\"registry.terraform.io/hashicorp/aws\"].west",
      "instances": [
        {
          "schema_version": 0,
          "attributes": {
            "cache_key_parameters": null,
            "cache_namespace": "qxpwcg",
            "connection_id": "",
            "connection_type": "INTERNET",
            "content_handling": "",
            "credentials": "",
            "http_method": "POST",
            "id": "agi-ca38ecpaa7-qxpwcg-POST",
            "integration_http_method": "POST",
            "passthrough_behavior": "WHEN_NO_MATCH",
            "request_parameters": null,
            "request_templates": null,
            "resource_id": "qxpwcg",
            "rest_api_id": "ca38ecpaa7",
            "timeout_milliseconds": 29000,
            "tls_config": [],
            "type": "AWS_PROXY",
            "uri": "arn:aws:apigateway:us-west-2:lambda:path/2015-03-31/functions/arn:aws:lambda:us-west-2:344958737347:function:crudLambda-west/invocations"
          },
          "sensitive_attributes": [],
          "private": "bnVsbA==",
          "dependencies": [
            "module.lambda_archive.data.archive_file.zip_lambda_code",
            "module.west.aws_api_gateway_method.fetch_event",
            "module.west.aws_api_gateway_resource.claims",
            "module.west.aws_api_gateway_resource.fetch",
            "module.west.aws_api_gateway_resource.v1",
            "module.west.aws_api_gateway_rest_api.demo_api",
            "module.west.aws_iam_role.lambda_exec_role",
            "module.west.aws_lambda_function.lambda"
          ]
        }
      ]
    },
    {
      "module": "module.west",
      "mode": "managed",
      "type": "aws_api_gateway_method",
      "name": "create_event",
      "provider": "provider[\"registry.terraform.io/hashicorp/aws\"].west",
      "instances": [
        {
          "schema_version": 0,
          "attributes": {
            "api_key_required": false,
            "authorization": "NONE",
            "authorization_scopes": [],
            "authorizer_id": "",
            "http_method": "POST",
            "id": "agm-ca38ecpaa7-scl9f5-POST",
            "operation_name": "",
            "request_models": {},
            "request_parameters": {},
            "request_validator_id": "",
            "resource_id": "scl9f5",
            "rest_api_id": "ca38ecpaa7"
          },
          "sensitive_attributes": [],
          "private": "bnVsbA==",
          "dependencies": [
            "module.west.aws_api_gateway_resource.claims",
            "module.west.aws_api_gateway_resource.create",
            "module.west.aws_api_gateway_resource.v1",
            "module.west.aws_api_gateway_rest_api.demo_api"
          ]
        }
      ]
    },
    {
      "module": "module.west",
      "mode": "managed",
      "type": "aws_api_gateway_method",
      "name": "fetch_event",
      "provider": "provider[\"registry.terraform.io/hashicorp/aws\"].west",
      "instances": [
        {
          "schema_version": 0,
          "attributes": {
            "api_key_required": false,
            "authorization": "NONE",
            "authorization_scopes": null,
            "authorizer_id": null,
            "http_method": "POST",
            "id": "agm-ca38ecpaa7-qxpwcg-POST",
            "operation_name": null,
            "request_models": null,
            "request_parameters": null,
            "request_validator_id": null,
            "resource_id": "qxpwcg",
            "rest_api_id": "ca38ecpaa7"
          },
          "sensitive_attributes": [],
          "private": "bnVsbA==",
          "dependencies": [
            "module.west.aws_api_gateway_resource.claims",
            "module.west.aws_api_gateway_resource.fetch",
            "module.west.aws_api_gateway_resource.v1",
            "module.west.aws_api_gateway_rest_api.demo_api"
          ]
        }
      ]
    },
    {
      "module": "module.west",
      "mode": "managed",
      "type": "aws_api_gateway_resource",
      "name": "claims",
      "provider": "provider[\"registry.terraform.io/hashicorp/aws\"].west",
      "instances": [
        {
          "schema_version": 0,
          "attributes": {
            "id": "n1i3ns",
            "parent_id": "r35q4ppjz7",
            "path": "/claims",
            "path_part": "claims",
            "rest_api_id": "ca38ecpaa7"
          },
          "sensitive_attributes": [],
          "private": "bnVsbA==",
          "dependencies": [
            "module.west.aws_api_gateway_rest_api.demo_api"
          ]
        }
      ]
    },
    {
      "module": "module.west",
      "mode": "managed",
      "type": "aws_api_gateway_resource",
      "name": "create",
      "provider": "provider[\"registry.terraform.io/hashicorp/aws\"].west",
      "instances": [
        {
          "schema_version": 0,
          "attributes": {
            "id": "scl9f5",
            "parent_id": "fo8ap8",
            "path": "/claims/v1/create",
            "path_part": "create",
            "rest_api_id": "ca38ecpaa7"
          },
          "sensitive_attributes": [],
          "private": "bnVsbA==",
          "dependencies": [
            "module.west.aws_api_gateway_resource.claims",
            "module.west.aws_api_gateway_resource.v1",
            "module.west.aws_api_gateway_rest_api.demo_api"
          ]
        }
      ]
    },
    {
      "module": "module.west",
      "mode": "managed",
      "type": "aws_api_gateway_resource",
      "name": "fetch",
      "provider": "provider[\"registry.terraform.io/hashicorp/aws\"].west",
      "instances": [
        {
          "schema_version": 0,
          "attributes": {
            "id": "qxpwcg",
            "parent_id": "fo8ap8",
            "path": "/claims/v1/fetch",
            "path_part": "fetch",
            "rest_api_id": "ca38ecpaa7"
          },
          "sensitive_attributes": [],
          "private": "bnVsbA==",
          "dependencies": [
            "module.west.aws_api_gateway_resource.claims",
            "module.west.aws_api_gateway_resource.v1",
            "module.west.aws_api_gateway_rest_api.demo_api"
          ]
        }
      ]
    },
    {
      "module": "module.west",
      "mode": "managed",
      "type": "aws_api_gateway_resource",
      "name": "v1",
      "provider": "provider[\"registry.terraform.io/hashicorp/aws\"].west",
      "instances": [
        {
          "schema_version": 0,
          "attributes": {
            "id": "fo8ap8",
            "parent_id": "n1i3ns",
            "path": "/claims/v1",
            "path_part": "v1",
            "rest_api_id": "ca38ecpaa7"
          },
          "sensitive_attributes": [],
          "private": "bnVsbA==",
          "dependencies": [
            "module.west.aws_api_gateway_resource.claims",
            "module.west.aws_api_gateway_rest_api.demo_api"
          ]
        }
      ]
    },
    {
      "module": "module.west",
      "mode": "managed",
      "type": "aws_api_gateway_rest_api",
      "name": "demo_api",
      "provider": "provider[\"registry.terraform.io/hashicorp/aws\"].west",
      "instances": [
        {
          "schema_version": 0,
          "attributes": {
            "api_key_source": "HEADER",
            "arn": "arn:aws:apigateway:us-west-2::/restapis/ca38ecpaa7",
            "binary_media_types": [],
            "body": null,
            "created_date": "2025-05-25T07:18:14Z",
            "description": "Example REST API",
            "disable_execute_api_endpoint": false,
            "endpoint_configuration": [
              {
                "ip_address_type": "ipv4",
                "types": [
                  "REGIONAL"
                ],
                "vpc_endpoint_ids": []
              }
            ],
            "execution_arn": "arn:aws:execute-api:us-west-2:344958737347:ca38ecpaa7",
            "fail_on_warnings": null,
            "id": "ca38ecpaa7",
            "minimum_compression_size": "",
            "name": "First api demo",
            "parameters": null,
            "policy": "",
            "put_rest_api_mode": null,
            "root_resource_id": "r35q4ppjz7",
            "tags": {},
            "tags_all": {}
          },
          "sensitive_attributes": [],
          "private": "bnVsbA=="
        }
      ]
    },
    {
      "module": "module.west",
      "mode": "managed",
      "type": "aws_api_gateway_stage",
      "name": "demo_stage",
      "provider": "provider[\"registry.terraform.io/hashicorp/aws\"].west",
      "instances": [
        {
          "schema_version": 0,
          "attributes": {
            "access_log_settings": [],
            "arn": "arn:aws:apigateway:us-west-2::/restapis/ca38ecpaa7/stages/dev",
            "cache_cluster_enabled": false,
            "cache_cluster_size": "",
            "canary_settings": [],
            "client_certificate_id": "",
            "deployment_id": "6aldmp",
            "description": "",
            "documentation_version": "",
            "execution_arn": "arn:aws:execute-api:us-west-2:344958737347:ca38ecpaa7/dev",
            "id": "ags-ca38ecpaa7-dev",
            "invoke_url": "https://ca38ecpaa7.execute-api.us-west-2.amazonaws.com/dev",
            "rest_api_id": "ca38ecpaa7",
            "stage_name": "dev",
            "tags": {},
            "tags_all": {},
            "variables": {},
            "web_acl_arn": "",
            "xray_tracing_enabled": false
          },
          "sensitive_attributes": [],
          "private": "bnVsbA==",
          "dependencies": [
            "module.lambda_archive.data.archive_file.zip_lambda_code",
            "module.west.aws_api_gateway_deployment.demo_deployment",
            "module.west.aws_api_gateway_integration.lambda_integration_create",
            "module.west.aws_api_gateway_integration.lambda_integration_fetch",
            "module.west.aws_api_gateway_method.create_event",
            "module.west.aws_api_gateway_method.fetch_event",
            "module.west.aws_api_gateway_resource.claims",
            "module.west.aws_api_gateway_resource.create",
            "module.west.aws_api_gateway_resource.fetch",
            "module.west.aws_api_gateway_resource.v1",
            "module.west.aws_api_gateway_rest_api.demo_api",
            "module.west.aws_iam_role.lambda_exec_role",
            "module.west.aws_lambda_function.lambda"
          ]
        }
      ]
    },
    {
      "module": "module.west",
      "mode": "managed",
      "type": "aws_iam_role",
      "name": "lambda_exec_role",
      "provider": "provider[\"registry.terraform.io/hashicorp/aws\"].west",
      "instances": [
        {
          "schema_version": 0,
          "attributes": {
            "arn": "arn:aws:iam::344958737347:role/crudLambda-west_role",
            "assume_role_policy": "{\"Statement\":[{\"Action\":\"sts:AssumeRole\",\"Effect\":\"Allow\",\"Principal\":{\"Service\":\"lambda.amazonaws.com\"}}],\"Version\":\"2012-10-17\"}",
            "create_date": "2025-05-24T15:23:26Z",
            "description": "",
            "force_detach_policies": false,
            "id": "crudLambda-west_role",
            "inline_policy": [
              {
                "name": "crudLambda-west_dynamodb_policy",
                "policy": "{\"Version\":\"2012-10-17\",\"Statement\":[{\"Action\":[\"dynamodb:GetItem\",\"dynamodb:PutItem\",\"dynamodb:DeleteItem\",\"dynamodb:Scan\",\"dynamodb:UpdateItem\"],\"Effect\":\"Allow\",\"Resource\":\"arn:aws:dynamodb:us-west-2:*:table/demo_table\"}]}"
              }
            ],
            "managed_policy_arns": [],
            "max_session_duration": 3600,
            "name": "crudLambda-west_role",
            "name_prefix": "",
            "path": "/",
            "permissions_boundary": "",
            "tags": {},
            "tags_all": {},
            "unique_id": "AROAVAUJETPBVMDKML7RV"
          },
          "sensitive_attributes": [],
          "private": "bnVsbA=="
        }
      ]
    },
    {
      "module": "module.west",
      "mode": "managed",
      "type": "aws_iam_role_policy",
      "name": "dynamodb_access",
      "provider": "provider[\"registry.terraform.io/hashicorp/aws\"].west",
      "instances": [
        {
          "schema_version": 0,
          "attributes": {
            "id": "crudLambda-west_role:crudLambda-west_dynamodb_policy",
            "name": "crudLambda-west_dynamodb_policy",
            "name_prefix": "",
            "policy": "{\"Version\":\"2012-10-17\",\"Statement\":[{\"Action\":[\"dynamodb:GetItem\",\"dynamodb:PutItem\",\"dynamodb:DeleteItem\",\"dynamodb:Scan\",\"dynamodb:UpdateItem\"],\"Effect\":\"Allow\",\"Resource\":\"arn:aws:dynamodb:us-west-2:*:table/demo_table\"}]}",
            "role": "crudLambda-west_role"
          },
          "sensitive_attributes": [],
          "private": "bnVsbA==",
          "dependencies": [
            "module.west.aws_iam_role.lambda_exec_role"
          ]
        }
      ]
    },
    {
      "module": "module.west",
      "mode": "managed",
      "type": "aws_lambda_function",
      "name": "lambda",
      "provider": "provider[\"registry.terraform.io/hashicorp/aws\"].west",
      "instances": [
        {
          "schema_version": 0,
          "attributes": {
            "architectures": [
              "x86_64"
            ],
            "arn": "arn:aws:lambda:us-west-2:344958737347:function:crudLambda-west",
            "code_sha256": "7mzlmdPuq1K+Ff8Kft4qmYA15UPrRJkS7v5FplJgHJ4=",
            "code_signing_config_arn": "",
            "dead_letter_config": [],
            "description": "",
            "environment": [],
            "ephemeral_storage": [
              {
                "size": 512
              }
            ],
            "file_system_config": [],
            "filename": "./controller/zip_lambda_code.zip",
            "function_name": "crudLambda-west",
            "handler": "crud_lambda.lambda_handler",
            "id": "crudLambda-west",
            "image_config": [],
            "image_uri": "",
            "invoke_arn": "arn:aws:apigateway:us-west-2:lambda:path/2015-03-31/functions/arn:aws:lambda:us-west-2:344958737347:function:crudLambda-west/invocations",
            "kms_key_arn": "",
            "last_modified": "2025-05-24T15:23:33.563+0000",
            "layers": [],
            "logging_config": [
              {
                "application_log_level": "",
                "log_format": "Text",
                "log_group": "/aws/lambda/crudLambda-west",
                "system_log_level": ""
              }
            ],
            "memory_size": 128,
            "package_type": "Zip",
            "publish": false,
            "qualified_arn": "arn:aws:lambda:us-west-2:344958737347:function:crudLambda-west:$LATEST",
            "qualified_invoke_arn": "arn:aws:apigateway:us-west-2:lambda:path/2015-03-31/functions/arn:aws:lambda:us-west-2:344958737347:function:crudLambda-west:$LATEST/invocations",
            "replace_security_groups_on_destroy": null,
            "replacement_security_group_ids": null,
            "reserved_concurrent_executions": -1,
            "role": "arn:aws:iam::344958737347:role/crudLambda-west_role",
            "runtime": "python3.9",
            "s3_bucket": null,
            "s3_key": null,
            "s3_object_version": null,
            "signing_job_arn": "",
            "signing_profile_version_arn": "",
            "skip_destroy": false,
            "snap_start": [],
            "source_code_hash": "7mzlmdPuq1K+Ff8Kft4qmYA15UPrRJkS7v5FplJgHJ4=",
            "source_code_size": 777,
            "tags": {},
            "tags_all": {},
            "timeout": 3,
            "timeouts": null,
            "tracing_config": [
              {
                "mode": "PassThrough"
              }
            ],
            "version": "$LATEST",
            "vpc_config": []
          },
          "sensitive_attributes": [],
          "private": "eyJlMmJmYjczMC1lY2FhLTExZTYtOGY4OC0zNDM2M2JjN2M0YzAiOnsiY3JlYXRlIjo2MDAwMDAwMDAwMDAsImRlbGV0ZSI6NjAwMDAwMDAwMDAwLCJ1cGRhdGUiOjYwMDAwMDAwMDAwMH19",
          "dependencies": [
            "module.lambda_archive.data.archive_file.zip_lambda_code",
            "module.west.aws_iam_role.lambda_exec_role"
          ]
        }
      ]
    },
    {
      "module": "module.west",
      "mode": "managed",
      "type": "aws_lambda_permission",
      "name": "apigw_lambda",
      "provider": "provider[\"registry.terraform.io/hashicorp/aws\"].west",
      "instances": [
        {
          "schema_version": 0,
          "attributes": {
            "action": "lambda:InvokeFunction",
            "event_source_token": null,
            "function_name": "crudLambda-west",
            "function_url_auth_type": null,
            "id": "AllowAPIGatewayInvoke",
            "principal": "apigateway.amazonaws.com",
            "principal_org_id": null,
            "qualifier": "",
            "source_account": null,
            "source_arn": "arn:aws:execute-api:us-west-2:344958737347:ca38ecpaa7/dev/*",
            "statement_id": "AllowAPIGatewayInvoke",
            "statement_id_prefix": ""
          },
          "sensitive_attributes": [],
          "private": "bnVsbA==",
          "dependencies": [
            "module.lambda_archive.data.archive_file.zip_lambda_code",
            "module.west.aws_api_gateway_rest_api.demo_api",
            "module.west.aws_iam_role.lambda_exec_role",
            "module.west.aws_lambda_function.lambda"
          ]
        }
      ]
    }
  ],
  "check_results": null
}
